{
  "name": "vanfs",
  "version": "0.9.0",
  "lockfileVersion": 3,
  "requires": true,
  "packages": {
    "": {
      "name": "vanfs",
      "version": "0.9.0",
      "license": "MIT",
      "dependencies": {
        "@fluentui/web-components": "^2.6.0",
        "@material/web": "^1.4.0"
      },
      "devDependencies": {
        "vanjs-core": "^1.5.0",
        "vite": "^5.2.7"
      }
    },
    "node_modules/@esbuild/linux-x64": {
      "version": "0.20.2",
      "resolved": "https://registry.npmjs.org/@esbuild/linux-x64/-/linux-x64-0.20.2.tgz",
      "integrity": "sha512-1MdwI6OOTsfQfek8sLwgyjOXAu+wKhLEoaOLTjbijk6E2WONYpH9ZU2mNtR+lZ2B4uwr+usqGuVfFT9tMtGvGw==",
      "cpu": [
        "x64"
      ],
      "dev": true,
      "optional": true,
      "os": [
        "linux"
      ],
      "engines": {
        "node": ">=12"
      }
    },
    "node_modules/@fluentui/web-components": {
      "version": "2.6.0",
      "resolved": "https://registry.npmjs.org/@fluentui/web-components/-/web-components-2.6.0.tgz",
      "integrity": "sha512-Ojf1W+mdRcbNWsXCIIAoUBz4kgLyZzdWuys5VBdOrVg7hRHg9uU0cS6B7zNQtihsNYZkIAFGhvhRs4PsoIZ+uQ==",
      "dependencies": {
        "@microsoft/fast-colors": "^5.3.0",
        "@microsoft/fast-element": "^1.12.0",
        "@microsoft/fast-foundation": "^2.49.4",
        "@microsoft/fast-web-utilities": "^5.4.0",
        "tslib": "^2.1.0"
      }
    },
    "node_modules/@lit-labs/ssr-dom-shim": {
      "version": "1.2.0",
      "resolved": "https://registry.npmjs.org/@lit-labs/ssr-dom-shim/-/ssr-dom-shim-1.2.0.tgz",
      "integrity": "sha512-yWJKmpGE6lUURKAaIltoPIE/wrbY3TEkqQt+X0m+7fQNnAv0keydnYvbiJFP1PnMhizmIWRWOG5KLhYyc/xl+g=="
    },
    "node_modules/@lit/reactive-element": {
      "version": "2.0.4",
      "resolved": "https://registry.npmjs.org/@lit/reactive-element/-/reactive-element-2.0.4.tgz",
      "integrity": "sha512-GFn91inaUa2oHLak8awSIigYz0cU0Payr1rcFsrkf5OJ5eSPxElyZfKh0f2p9FsTiZWXQdWGJeXZICEfXXYSXQ==",
      "dependencies": {
        "@lit-labs/ssr-dom-shim": "^1.2.0"
      }
    },
    "node_modules/@material/web": {
      "version": "1.4.0",
      "resolved": "https://registry.npmjs.org/@material/web/-/web-1.4.0.tgz",
      "integrity": "sha512-+rnQLUc/vsu7vnkr8XxbEhNVEcdkaYxNjykZ18w/nUMrYTEvAi4TRQJAYeEUXMwRcO3mEXBsCKOtHZ+cbmxTLw==",
      "workspaces": [
        "catalog"
      ],
      "dependencies": {
        "lit": "^2.7.4 || ^3.0.0",
        "tslib": "^2.4.0"
      }
    },
    "node_modules/@microsoft/fast-colors": {
      "version": "5.3.1",
      "resolved": "https://registry.npmjs.org/@microsoft/fast-colors/-/fast-colors-5.3.1.tgz",
      "integrity": "sha512-72RZXVfCbwQzvo5sXXkuLXLT7rMeYaSf5r/6ewQiv/trBtqpWRm4DEH2EilHw/iWTBKOXs1qZNQndgUMa5n4LA=="
    },
    "node_modules/@microsoft/fast-element": {
      "version": "1.12.0",
      "resolved": "https://registry.npmjs.org/@microsoft/fast-element/-/fast-element-1.12.0.tgz",
      "integrity": "sha512-gQutuDHPKNxUEcQ4pypZT4Wmrbapus+P9s3bR/SEOLsMbNqNoXigGImITygI5zhb+aA5rzflM6O8YWkmRbGkPA=="
    },
    "node_modules/@microsoft/fast-foundation": {
      "version": "2.49.5",
      "resolved": "https://registry.npmjs.org/@microsoft/fast-foundation/-/fast-foundation-2.49.5.tgz",
      "integrity": "sha512-3PpG1BNmZ5kUM1goYU3SsxjsM2H7Rk0ZmpDJ7mnRhWDgKiM5SzJ02KvALRUqDrJQoeDnkW0Q2Q+r9SkEd68Gpg==",
      "dependencies": {
        "@microsoft/fast-element": "^1.12.0",
        "@microsoft/fast-web-utilities": "^5.4.1",
        "tabbable": "^5.2.0",
        "tslib": "^1.13.0"
      }
    },
    "node_modules/@microsoft/fast-foundation/node_modules/tslib": {
      "version": "1.14.1",
      "resolved": "https://registry.npmjs.org/tslib/-/tslib-1.14.1.tgz",
      "integrity": "sha512-Xni35NKzjgMrwevysHTCArtLDpPvye8zV/0E4EyYn43P7/7qvQwPh9BGkHewbMulVntbigmcT7rdX3BNo9wRJg=="
    },
    "node_modules/@microsoft/fast-web-utilities": {
      "version": "5.4.1",
      "resolved": "https://registry.npmjs.org/@microsoft/fast-web-utilities/-/fast-web-utilities-5.4.1.tgz",
      "integrity": "sha512-ReWYncndjV3c8D8iq9tp7NcFNc1vbVHvcBFPME2nNFKNbS1XCesYZGlIlf3ot5EmuOXPlrzUHOWzQ2vFpIkqDg==",
      "dependencies": {
        "exenv-es6": "^1.1.1"
      }
    },
    "node_modules/@rollup/rollup-linux-x64-gnu": {
      "version": "4.13.2",
      "resolved": "https://registry.npmjs.org/@rollup/rollup-linux-x64-gnu/-/rollup-linux-x64-gnu-4.13.2.tgz",
      "integrity": "sha512-xXMLUAMzrtsvh3cZ448vbXqlUa7ZL8z0MwHp63K2IIID2+DeP5iWIT6g1SN7hg1VxPzqx0xZdiDM9l4n9LRU1A==",
      "cpu": [
        "x64"
      ],
      "dev": true,
      "optional": true,
      "os": [
        "linux"
      ]
    },
    "node_modules/@rollup/rollup-linux-x64-musl": {
      "version": "4.13.2",
      "resolved": "https://registry.npmjs.org/@rollup/rollup-linux-x64-musl/-/rollup-linux-x64-musl-4.13.2.tgz",
      "integrity": "sha512-M/JYAWickafUijWPai4ehrjzVPKRCyDb1SLuO+ZyPfoXgeCEAlgPkNXewFZx0zcnoIe3ay4UjXIMdXQXOZXWqA==",
      "cpu": [
        "x64"
      ],
      "dev": true,
      "optional": true,
      "os": [
        "linux"
      ]
    },
    "node_modules/@types/estree": {
      "version": "1.0.5",
      "resolved": "https://registry.npmjs.org/@types/estree/-/estree-1.0.5.tgz",
      "integrity": "sha512-/kYRxGDLWzHOB7q+wtSUQlFrtcdUccpfy+X+9iMBpHK8QLLhx2wIPYuS5DYtR9Wa/YlZAbIovy7qVdB1Aq6Lyw==",
      "dev": true
    },
    "node_modules/@types/trusted-types": {
      "version": "2.0.7",
      "resolved": "https://registry.npmjs.org/@types/trusted-types/-/trusted-types-2.0.7.tgz",
      "integrity": "sha512-ScaPdn1dQczgbl0QFTeTOmVHFULt394XJgOQNoyVhZ6r2vLnMLJfBPd53SB52T/3G36VI1/g2MZaX0cwDuXsfw=="
    },
    "node_modules/esbuild": {
      "version": "0.20.2",
      "resolved": "https://registry.npmjs.org/esbuild/-/esbuild-0.20.2.tgz",
      "integrity": "sha512-WdOOppmUNU+IbZ0PaDiTst80zjnrOkyJNHoKupIcVyU8Lvla3Ugx94VzkQ32Ijqd7UhHJy75gNWDMUekcrSJ6g==",
      "dev": true,
      "hasInstallScript": true,
      "bin": {
        "esbuild": "bin/esbuild"
      },
      "engines": {
        "node": ">=12"
      },
      "optionalDependencies": {
        "@esbuild/aix-ppc64": "0.20.2",
        "@esbuild/android-arm": "0.20.2",
        "@esbuild/android-arm64": "0.20.2",
        "@esbuild/android-x64": "0.20.2",
        "@esbuild/darwin-arm64": "0.20.2",
        "@esbuild/darwin-x64": "0.20.2",
        "@esbuild/freebsd-arm64": "0.20.2",
        "@esbuild/freebsd-x64": "0.20.2",
        "@esbuild/linux-arm": "0.20.2",
        "@esbuild/linux-arm64": "0.20.2",
        "@esbuild/linux-ia32": "0.20.2",
        "@esbuild/linux-loong64": "0.20.2",
        "@esbuild/linux-mips64el": "0.20.2",
        "@esbuild/linux-ppc64": "0.20.2",
        "@esbuild/linux-riscv64": "0.20.2",
        "@esbuild/linux-s390x": "0.20.2",
        "@esbuild/linux-x64": "0.20.2",
        "@esbuild/netbsd-x64": "0.20.2",
        "@esbuild/openbsd-x64": "0.20.2",
        "@esbuild/sunos-x64": "0.20.2",
        "@esbuild/win32-arm64": "0.20.2",
        "@esbuild/win32-ia32": "0.20.2",
        "@esbuild/win32-x64": "0.20.2"
      }
    },
    "node_modules/exenv-es6": {
      "version": "1.1.1",
      "resolved": "https://registry.npmjs.org/exenv-es6/-/exenv-es6-1.1.1.tgz",
      "integrity": "sha512-vlVu3N8d6yEMpMsEm+7sUBAI81aqYYuEvfK0jNqmdb/OPXzzH7QWDDnVjMvDSY47JdHEqx/dfC/q8WkfoTmpGQ=="
    },
    "node_modules/lit": {
      "version": "3.1.2",
      "resolved": "https://registry.npmjs.org/lit/-/lit-3.1.2.tgz",
      "integrity": "sha512-VZx5iAyMtX7CV4K8iTLdCkMaYZ7ipjJZ0JcSdJ0zIdGxxyurjIn7yuuSxNBD7QmjvcNJwr0JS4cAdAtsy7gZ6w==",
      "dependencies": {
        "@lit/reactive-element": "^2.0.4",
        "lit-element": "^4.0.4",
        "lit-html": "^3.1.2"
      }
    },
    "node_modules/lit-element": {
      "version": "4.0.4",
      "resolved": "https://registry.npmjs.org/lit-element/-/lit-element-4.0.4.tgz",
      "integrity": "sha512-98CvgulX6eCPs6TyAIQoJZBCQPo80rgXR+dVBs61cstJXqtI+USQZAbA4gFHh6L/mxBx9MrgPLHLsUgDUHAcCQ==",
      "dependencies": {
        "@lit-labs/ssr-dom-shim": "^1.2.0",
        "@lit/reactive-element": "^2.0.4",
        "lit-html": "^3.1.2"
      }
    },
    "node_modules/lit-html": {
      "version": "3.1.2",
      "resolved": "https://registry.npmjs.org/lit-html/-/lit-html-3.1.2.tgz",
      "integrity": "sha512-3OBZSUrPnAHoKJ9AMjRL/m01YJxQMf+TMHanNtTHG68ubjnZxK0RFl102DPzsw4mWnHibfZIBJm3LWCZ/LmMvg==",
      "dependencies": {
        "@types/trusted-types": "^2.0.2"
      }
    },
    "node_modules/nanoid": {
      "version": "3.3.7",
      "resolved": "https://registry.npmjs.org/nanoid/-/nanoid-3.3.7.tgz",
      "integrity": "sha512-eSRppjcPIatRIMC1U6UngP8XFcz8MQWGQdt1MTBQ7NaAmvXDfvNxbvWV3x2y6CdEUciCSsDHDQZbhYaB8QEo2g==",
      "dev": true,
      "funding": [
        {
          "type": "github",
          "url": "https://github.com/sponsors/ai"
        }
      ],
      "bin": {
        "nanoid": "bin/nanoid.cjs"
      },
      "engines": {
        "node": "^10 || ^12 || ^13.7 || ^14 || >=15.0.1"
      }
    },
    "node_modules/picocolors": {
      "version": "1.0.0",
      "resolved": "https://registry.npmjs.org/picocolors/-/picocolors-1.0.0.tgz",
      "integrity": "sha512-1fygroTLlHu66zi26VoTDv8yRgm0Fccecssto+MhsZ0D/DGW2sm8E8AjW7NU5VVTRt5GxbeZ5qBuJr+HyLYkjQ==",
      "dev": true
    },
    "node_modules/postcss": {
      "version": "8.4.38",
      "resolved": "https://registry.npmjs.org/postcss/-/postcss-8.4.38.tgz",
      "integrity": "sha512-Wglpdk03BSfXkHoQa3b/oulrotAkwrlLDRSOb9D0bN86FdRyE9lppSp33aHNPgBa0JKCoB+drFLZkQoRRYae5A==",
      "dev": true,
      "funding": [
        {
          "type": "opencollective",
          "url": "https://opencollective.com/postcss/"
        },
        {
          "type": "tidelift",
          "url": "https://tidelift.com/funding/github/npm/postcss"
        },
        {
          "type": "github",
          "url": "https://github.com/sponsors/ai"
        }
      ],
      "dependencies": {
        "nanoid": "^3.3.7",
        "picocolors": "^1.0.0",
        "source-map-js": "^1.2.0"
      },
      "engines": {
        "node": "^10 || ^12 || >=14"
      }
    },
    "node_modules/rollup": {
      "version": "4.13.2",
      "resolved": "https://registry.npmjs.org/rollup/-/rollup-4.13.2.tgz",
      "integrity": "sha512-MIlLgsdMprDBXC+4hsPgzWUasLO9CE4zOkj/u6j+Z6j5A4zRY+CtiXAdJyPtgCsc42g658Aeh1DlrdVEJhsL2g==",
      "dev": true,
      "dependencies": {
        "@types/estree": "1.0.5"
      },
      "bin": {
        "rollup": "dist/bin/rollup"
      },
      "engines": {
        "node": ">=18.0.0",
        "npm": ">=8.0.0"
      },
      "optionalDependencies": {
        "@rollup/rollup-android-arm-eabi": "4.13.2",
        "@rollup/rollup-android-arm64": "4.13.2",
        "@rollup/rollup-darwin-arm64": "4.13.2",
        "@rollup/rollup-darwin-x64": "4.13.2",
        "@rollup/rollup-linux-arm-gnueabihf": "4.13.2",
        "@rollup/rollup-linux-arm64-gnu": "4.13.2",
        "@rollup/rollup-linux-arm64-musl": "4.13.2",
        "@rollup/rollup-linux-powerpc64le-gnu": "4.13.2",
        "@rollup/rollup-linux-riscv64-gnu": "4.13.2",
        "@rollup/rollup-linux-s390x-gnu": "4.13.2",
        "@rollup/rollup-linux-x64-gnu": "4.13.2",
        "@rollup/rollup-linux-x64-musl": "4.13.2",
        "@rollup/rollup-win32-arm64-msvc": "4.13.2",
        "@rollup/rollup-win32-ia32-msvc": "4.13.2",
        "@rollup/rollup-win32-x64-msvc": "4.13.2",
        "fsevents": "~2.3.2"
      }
    },
    "node_modules/source-map-js": {
      "version": "1.2.0",
      "resolved": "https://registry.npmjs.org/source-map-js/-/source-map-js-1.2.0.tgz",
      "integrity": "sha512-itJW8lvSA0TXEphiRoawsCksnlf8SyvmFzIhltqAHluXd88pkCd+cXJVHTDwdCr0IzwptSm035IHQktUu1QUMg==",
      "dev": true,
      "engines": {
        "node": ">=0.10.0"
      }
    },
    "node_modules/tabbable": {
      "version": "5.3.3",
      "resolved": "https://registry.npmjs.org/tabbable/-/tabbable-5.3.3.tgz",
      "integrity": "sha512-QD9qKY3StfbZqWOPLp0++pOrAVb/HbUi5xCc8cUo4XjP19808oaMiDzn0leBY5mCespIBM0CIZePzZjgzR83kA=="
    },
    "node_modules/tslib": {
      "version": "2.6.2",
      "resolved": "https://registry.npmjs.org/tslib/-/tslib-2.6.2.tgz",
      "integrity": "sha512-AEYxH93jGFPn/a2iVAwW87VuUIkR1FVUKB77NwMF7nBTDkDrrT/Hpt/IrCJ0QXhW27jTBDcf5ZY7w6RiqTMw2Q=="
    },
    "node_modules/vanjs-core": {
      "version": "1.5.0",
      "resolved": "https://registry.npmjs.org/vanjs-core/-/vanjs-core-1.5.0.tgz",
      "integrity": "sha512-kOM9XVOciL9Q3Ihn3ruycTL5NCvuR5Ub7wwQIU9sZJdMBWSxesbeyN3+PWceLz57ImgHTF0eOVvhkoKJLlE3hw==",
      "dev": true
    },
    "node_modules/vite": {
      "version": "5.2.7",
      "resolved": "https://registry.npmjs.org/vite/-/vite-5.2.7.tgz",
      "integrity": "sha512-k14PWOKLI6pMaSzAuGtT+Cf0YmIx12z9YGon39onaJNy8DLBfBJrzg9FQEmkAM5lpHBZs9wksWAsyF/HkpEwJA==",
      "dev": true,
      "dependencies": {
        "esbuild": "^0.20.1",
        "postcss": "^8.4.38",
        "rollup": "^4.13.0"
      },
      "bin": {
        "vite": "bin/vite.js"
      },
      "engines": {
        "node": "^18.0.0 || >=20.0.0"
      },
      "funding": {
        "url": "https://github.com/vitejs/vite?sponsor=1"
      },
      "optionalDependencies": {
        "fsevents": "~2.3.3"
      },
      "peerDependencies": {
        "@types/node": "^18.0.0 || >=20.0.0",
        "less": "*",
        "lightningcss": "^1.21.0",
        "sass": "*",
        "stylus": "*",
        "sugarss": "*",
        "terser": "^5.4.0"
      },
      "peerDependenciesMeta": {
        "@types/node": {
          "optional": true
        },
        "less": {
          "optional": true
        },
        "lightningcss": {
          "optional": true
        },
        "sass": {
          "optional": true
        },
        "stylus": {
          "optional": true
        },
        "sugarss": {
          "optional": true
        },
        "terser": {
          "optional": true
        }
      }
    }
  }
}
